
Microsoft Visual Studio Solution File, Format Version 12.00
# Visual Studio Version 16
VisualStudioVersion = 16.0.29509.3
MinimumVisualStudioVersion = 10.0.40219.1
Project("{FAE04EC0-301F-11D3-BF4B-00C04F79EFBC}") = "MVC Net310", "MVC Net310\MVC Net310.csproj", "{C8701AB1-0011-426B-BC81-19451A17E45F}"
EndProject
Global
	GlobalSection(SolutionConfigurationPlatforms) = preSolution
		Debug|Any CPU = Debug|Any CPU
		Release|Any CPU = Release|Any CPU
	EndGlobalSection
	GlobalSection(ProjectConfigurationPlatforms) = postSolution
		{C8701AB1-0011-426B-BC81-19451A17E45F}.Debug|Any CPU.ActiveCfg = Debug|Any CPU
		{C8701AB1-0011-426B-BC81-19451A17E45F}.Debug|Any CPU.Build.0 = Debug|Any CPU
		{C8701AB1-0011-426B-BC81-19451A17E45F}.Release|Any CPU.ActiveCfg = Release|Any CPU
		{C8701AB1-0011-426B-BC81-19451A17E45F}.Release|Any CPU.Build.0 = Release|Any CPU
	EndGlobalSection
	GlobalSection(SolutionProperties) = preSolution
		HideSolutionNode = FALSE
	EndGlobalSection
	GlobalSection(ExtensibilityGlobals) = postSolution
		SolutionGuid = {1A70F182-10C1-4D01-9EE3-B50DFAAF8F19}
	EndGlobalSection
EndGlobal
